
Microsoft Visual Studio Solution File, Format Version 12.00
# Visual Studio Version 16
VisualStudioVersion = 16.0.30413.136
MinimumVisualStudioVersion = 10.0.40219.1
Project("{FAE04EC0-301F-11D3-BF4B-00C04F79EFBC}") = "RubicServe", "RubicServe\RubicServe.csproj", "{1CF4C932-E1E9-4AF9-90BE-E0FF24A59BC8}"
EndProject
Global
	GlobalSection(SolutionConfigurationPlatforms) = preSolution
		Debug|Any CPU = Debug|Any CPU
		Release|Any CPU = Release|Any CPU
	EndGlobalSection
	GlobalSection(ProjectConfigurationPlatforms) = postSolution
		{1CF4C932-E1E9-4AF9-90BE-E0FF24A59BC8}.Debug|Any CPU.ActiveCfg = Debug|Any CPU
		{1CF4C932-E1E9-4AF9-90BE-E0FF24A59BC8}.Debug|Any CPU.Build.0 = Debug|Any CPU
		{1CF4C932-E1E9-4AF9-90BE-E0FF24A59BC8}.Release|Any CPU.ActiveCfg = Release|Any CPU
		{1CF4C932-E1E9-4AF9-90BE-E0FF24A59BC8}.Release|Any CPU.Build.0 = Release|Any CPU
	EndGlobalSection
	GlobalSection(SolutionProperties) = preSolution
		HideSolutionNode = FALSE
	EndGlobalSection
	GlobalSection(ExtensibilityGlobals) = postSolution
		SolutionGuid = {5B0D6A35-9833-42D5-9536-76E19CBCCF0F}
	EndGlobalSection
EndGlobal
